
Microsoft Visual Studio Solution File, Format Version 12.00
# Visual Studio Version 16
VisualStudioVersion = 16.0.30907.101
MinimumVisualStudioVersion = 10.0.40219.1
Project("{FAE04EC0-301F-11D3-BF4B-00C04F79EFBC}") = "WebApplication1", "WebApplication1.csproj", "{1C10E963-D5F7-4590-961C-8B93ECA4366A}"
EndProject
Global
	GlobalSection(SolutionConfigurationPlatforms) = preSolution
		Debug|Any CPU = Debug|Any CPU
		Release|Any CPU = Release|Any CPU
	EndGlobalSection
	GlobalSection(ProjectConfigurationPlatforms) = postSolution
		{1C10E963-D5F7-4590-961C-8B93ECA4366A}.Debug|Any CPU.ActiveCfg = Debug|Any CPU
		{1C10E963-D5F7-4590-961C-8B93ECA4366A}.Debug|Any CPU.Build.0 = Debug|Any CPU
		{1C10E963-D5F7-4590-961C-8B93ECA4366A}.Release|Any CPU.ActiveCfg = Release|Any CPU
		{1C10E963-D5F7-4590-961C-8B93ECA4366A}.Release|Any CPU.Build.0 = Release|Any CPU
	EndGlobalSection
	GlobalSection(SolutionProperties) = preSolution
		HideSolutionNode = FALSE
	EndGlobalSection
	GlobalSection(ExtensibilityGlobals) = postSolution
		SolutionGuid = {22C2B447-21B6-4E26-A1FC-0344FD854E33}
	EndGlobalSection
EndGlobal
